
Microsoft Visual Studio Solution File, Format Version 12.00
# Visual Studio Version 17
VisualStudioVersion = 17.4.33122.133
MinimumVisualStudioVersion = 10.0.40219.1
Project("{FAE04EC0-301F-11D3-BF4B-00C04F79EFBC}") = "lets-do-a-website", "lets-do-a-website\lets-do-a-website.csproj", "{309E72A2-8B17-421E-A88D-8EDD5D794B7C}"
EndProject
Global
	GlobalSection(SolutionConfigurationPlatforms) = preSolution
		Debug|Any CPU = Debug|Any CPU
		Release|Any CPU = Release|Any CPU
	EndGlobalSection
	GlobalSection(ProjectConfigurationPlatforms) = postSolution
		{309E72A2-8B17-421E-A88D-8EDD5D794B7C}.Debug|Any CPU.ActiveCfg = Debug|Any CPU
		{309E72A2-8B17-421E-A88D-8EDD5D794B7C}.Debug|Any CPU.Build.0 = Debug|Any CPU
		{309E72A2-8B17-421E-A88D-8EDD5D794B7C}.Release|Any CPU.ActiveCfg = Release|Any CPU
		{309E72A2-8B17-421E-A88D-8EDD5D794B7C}.Release|Any CPU.Build.0 = Release|Any CPU
	EndGlobalSection
	GlobalSection(SolutionProperties) = preSolution
		HideSolutionNode = FALSE
	EndGlobalSection
	GlobalSection(ExtensibilityGlobals) = postSolution
		SolutionGuid = {CDC3ECD4-AA1B-4D40-8F15-7CBB0E8DBEDE}
	EndGlobalSection
EndGlobal
